
Microsoft Visual Studio Solution File, Format Version 12.00
# Visual Studio 2013
VisualStudioVersion = 12.0.31101.0
MinimumVisualStudioVersion = 10.0.40219.1
Project("{2150E333-8FDC-42A3-9474-1A3956D46DE8}") = "Extension.Services", "Extension.Services", "{06FBA886-D534-42DF-9E00-AA049306C8DD}"
EndProject
Project("{2150E333-8FDC-42A3-9474-1A3956D46DE8}") = "Web", "Web", "{8113ECE7-139F-4B48-976D-934977BBDAB5}"
EndProject
Project("{FAE04EC0-301F-11D3-BF4B-00C04F79EFBC}") = "HRSystem.Web", "HRSystem.Web\HRSystem.Web.csproj", "{28090C70-6CCE-4AE5-A383-ED60E225EB4D}"
EndProject
Project("{2150E333-8FDC-42A3-9474-1A3956D46DE8}") = "Security", "Security", "{6C9E4A56-B96C-48DA-9978-5DCBCCCE8A6F}"
EndProject
Project("{FAE04EC0-301F-11D3-BF4B-00C04F79EFBC}") = "HRSystem.Security.Authentication", "HRSystem.Security.Authentication\HRSystem.Security.Authentication.csproj", "{62A3671E-E43D-49BC-B7A9-579B05F1B0F0}"
EndProject
Project("{2150E333-8FDC-42A3-9474-1A3956D46DE8}") = "Extensions", "Extensions", "{F0E0E35B-54AE-4D10-BBC4-859F777B70AB}"
EndProject
Project("{2150E333-8FDC-42A3-9474-1A3956D46DE8}") = "Common", "Common", "{D95F0EB2-3E53-4D70-A466-5466F5CC98AC}"
EndProject
Project("{2150E333-8FDC-42A3-9474-1A3956D46DE8}") = "Culture", "Culture", "{75AB136A-62BC-4A08-A63D-340CD8FEC919}"
EndProject
Project("{FAE04EC0-301F-11D3-BF4B-00C04F79EFBC}") = "HRSystem.Culture", "HRSystem.Culture\HRSystem.Culture.csproj", "{DEE67C31-C365-4B65-B0FC-83A1F5F9145A}"
EndProject
Project("{FAE04EC0-301F-11D3-BF4B-00C04F79EFBC}") = "HRSystem.Services", "HRSystem.Services\HRSystem.Services.csproj", "{32A95D6A-3BA6-4CB4-A3E2-A330B7E8790E}"
EndProject
Project("{FAE04EC0-301F-11D3-BF4B-00C04F79EFBC}") = "HRSystem.Data", "HRSystem.Data\HRSystem.Data.csproj", "{0AE10A70-8F64-48D2-879F-444A7B182111}"
EndProject
Project("{2150E333-8FDC-42A3-9474-1A3956D46DE8}") = "Extensions.Data", "Extensions.Data", "{27B0BC96-4A60-4285-89BA-CD3679F2ECDE}"
EndProject
Project("{FAE04EC0-301F-11D3-BF4B-00C04F79EFBC}") = "HRSystem.Extensions.Services.Employee", "Extensions.Services\HRMS.Service\HRSystem.Extensions.Services.Employee.csproj", "{52D5A8EB-306C-48B7-8D0D-358EE9957642}"
EndProject
Project("{FAE04EC0-301F-11D3-BF4B-00C04F79EFBC}") = "HRSystem.Extensions.Employee", "Extensions\HRMS.Web\HRSystem.Extensions.Employee.csproj", "{03C396A1-C32D-4EA8-81B3-0647461447F5}"
EndProject
Project("{FAE04EC0-301F-11D3-BF4B-00C04F79EFBC}") = "HRSystem.Common.Employee", "Common\HRMS.Common\HRSystem.Common.Employee.csproj", "{DCA43604-53F1-49E5-9234-30A245809B1E}"
EndProject
Project("{FAE04EC0-301F-11D3-BF4B-00C04F79EFBC}") = "HRSystem.Common.Web", "Common\HRSystem.Common.Web.UI\HRSystem.Common.Web.csproj", "{BB199878-7491-4C89-87BC-0E4B19ABEB3D}"
EndProject
Project("{FAE04EC0-301F-11D3-BF4B-00C04F79EFBC}") = "HRSystem.Security.Authentication.API", "HRSystem.Security.Authentication.API\HRSystem.Security.Authentication.API.csproj", "{5AABD9EE-31D9-4F14-86BC-ED7DF3EE814F}"
EndProject
Project("{FAE04EC0-301F-11D3-BF4B-00C04F79EFBC}") = "HRSystem.Web.UI", "HRSystem.Web.UI\HRSystem.Web.UI.csproj", "{81CA7466-9BDC-4AF3-A8E6-8FFF702C550D}"
EndProject
Global
	GlobalSection(SolutionConfigurationPlatforms) = preSolution
		Debug|Any CPU = Debug|Any CPU
		Release|Any CPU = Release|Any CPU
	EndGlobalSection
	GlobalSection(ProjectConfigurationPlatforms) = postSolution
		{28090C70-6CCE-4AE5-A383-ED60E225EB4D}.Debug|Any CPU.ActiveCfg = Debug|Any CPU
		{28090C70-6CCE-4AE5-A383-ED60E225EB4D}.Debug|Any CPU.Build.0 = Debug|Any CPU
		{28090C70-6CCE-4AE5-A383-ED60E225EB4D}.Release|Any CPU.ActiveCfg = Release|Any CPU
		{28090C70-6CCE-4AE5-A383-ED60E225EB4D}.Release|Any CPU.Build.0 = Release|Any CPU
		{62A3671E-E43D-49BC-B7A9-579B05F1B0F0}.Debug|Any CPU.ActiveCfg = Debug|Any CPU
		{62A3671E-E43D-49BC-B7A9-579B05F1B0F0}.Debug|Any CPU.Build.0 = Debug|Any CPU
		{62A3671E-E43D-49BC-B7A9-579B05F1B0F0}.Release|Any CPU.ActiveCfg = Release|Any CPU
		{62A3671E-E43D-49BC-B7A9-579B05F1B0F0}.Release|Any CPU.Build.0 = Release|Any CPU
		{DEE67C31-C365-4B65-B0FC-83A1F5F9145A}.Debug|Any CPU.ActiveCfg = Debug|Any CPU
		{DEE67C31-C365-4B65-B0FC-83A1F5F9145A}.Debug|Any CPU.Build.0 = Debug|Any CPU
		{DEE67C31-C365-4B65-B0FC-83A1F5F9145A}.Release|Any CPU.ActiveCfg = Release|Any CPU
		{DEE67C31-C365-4B65-B0FC-83A1F5F9145A}.Release|Any CPU.Build.0 = Release|Any CPU
		{32A95D6A-3BA6-4CB4-A3E2-A330B7E8790E}.Debug|Any CPU.ActiveCfg = Debug|Any CPU
		{32A95D6A-3BA6-4CB4-A3E2-A330B7E8790E}.Debug|Any CPU.Build.0 = Debug|Any CPU
		{32A95D6A-3BA6-4CB4-A3E2-A330B7E8790E}.Release|Any CPU.ActiveCfg = Release|Any CPU
		{32A95D6A-3BA6-4CB4-A3E2-A330B7E8790E}.Release|Any CPU.Build.0 = Release|Any CPU
		{0AE10A70-8F64-48D2-879F-444A7B182111}.Debug|Any CPU.ActiveCfg = Debug|Any CPU
		{0AE10A70-8F64-48D2-879F-444A7B182111}.Debug|Any CPU.Build.0 = Debug|Any CPU
		{0AE10A70-8F64-48D2-879F-444A7B182111}.Release|Any CPU.ActiveCfg = Release|Any CPU
		{0AE10A70-8F64-48D2-879F-444A7B182111}.Release|Any CPU.Build.0 = Release|Any CPU
		{52D5A8EB-306C-48B7-8D0D-358EE9957642}.Debug|Any CPU.ActiveCfg = Debug|Any CPU
		{52D5A8EB-306C-48B7-8D0D-358EE9957642}.Debug|Any CPU.Build.0 = Debug|Any CPU
		{52D5A8EB-306C-48B7-8D0D-358EE9957642}.Release|Any CPU.ActiveCfg = Release|Any CPU
		{52D5A8EB-306C-48B7-8D0D-358EE9957642}.Release|Any CPU.Build.0 = Release|Any CPU
		{03C396A1-C32D-4EA8-81B3-0647461447F5}.Debug|Any CPU.ActiveCfg = Debug|Any CPU
		{03C396A1-C32D-4EA8-81B3-0647461447F5}.Debug|Any CPU.Build.0 = Debug|Any CPU
		{03C396A1-C32D-4EA8-81B3-0647461447F5}.Release|Any CPU.ActiveCfg = Release|Any CPU
		{03C396A1-C32D-4EA8-81B3-0647461447F5}.Release|Any CPU.Build.0 = Release|Any CPU
		{DCA43604-53F1-49E5-9234-30A245809B1E}.Debug|Any CPU.ActiveCfg = Debug|Any CPU
		{DCA43604-53F1-49E5-9234-30A245809B1E}.Debug|Any CPU.Build.0 = Debug|Any CPU
		{DCA43604-53F1-49E5-9234-30A245809B1E}.Release|Any CPU.ActiveCfg = Release|Any CPU
		{DCA43604-53F1-49E5-9234-30A245809B1E}.Release|Any CPU.Build.0 = Release|Any CPU
		{BB199878-7491-4C89-87BC-0E4B19ABEB3D}.Debug|Any CPU.ActiveCfg = Debug|Any CPU
		{BB199878-7491-4C89-87BC-0E4B19ABEB3D}.Debug|Any CPU.Build.0 = Debug|Any CPU
		{BB199878-7491-4C89-87BC-0E4B19ABEB3D}.Release|Any CPU.ActiveCfg = Release|Any CPU
		{BB199878-7491-4C89-87BC-0E4B19ABEB3D}.Release|Any CPU.Build.0 = Release|Any CPU
		{5AABD9EE-31D9-4F14-86BC-ED7DF3EE814F}.Debug|Any CPU.ActiveCfg = Debug|Any CPU
		{5AABD9EE-31D9-4F14-86BC-ED7DF3EE814F}.Debug|Any CPU.Build.0 = Debug|Any CPU
		{5AABD9EE-31D9-4F14-86BC-ED7DF3EE814F}.Release|Any CPU.ActiveCfg = Release|Any CPU
		{5AABD9EE-31D9-4F14-86BC-ED7DF3EE814F}.Release|Any CPU.Build.0 = Release|Any CPU
		{81CA7466-9BDC-4AF3-A8E6-8FFF702C550D}.Debug|Any CPU.ActiveCfg = Debug|Any CPU
		{81CA7466-9BDC-4AF3-A8E6-8FFF702C550D}.Debug|Any CPU.Build.0 = Debug|Any CPU
		{81CA7466-9BDC-4AF3-A8E6-8FFF702C550D}.Release|Any CPU.ActiveCfg = Release|Any CPU
		{81CA7466-9BDC-4AF3-A8E6-8FFF702C550D}.Release|Any CPU.Build.0 = Release|Any CPU
	EndGlobalSection
	GlobalSection(SolutionProperties) = preSolution
		HideSolutionNode = FALSE
	EndGlobalSection
	GlobalSection(NestedProjects) = preSolution
		{28090C70-6CCE-4AE5-A383-ED60E225EB4D} = {F0E0E35B-54AE-4D10-BBC4-859F777B70AB}
		{62A3671E-E43D-49BC-B7A9-579B05F1B0F0} = {6C9E4A56-B96C-48DA-9978-5DCBCCCE8A6F}
		{DEE67C31-C365-4B65-B0FC-83A1F5F9145A} = {75AB136A-62BC-4A08-A63D-340CD8FEC919}
		{32A95D6A-3BA6-4CB4-A3E2-A330B7E8790E} = {8113ECE7-139F-4B48-976D-934977BBDAB5}
		{0AE10A70-8F64-48D2-879F-444A7B182111} = {8113ECE7-139F-4B48-976D-934977BBDAB5}
		{52D5A8EB-306C-48B7-8D0D-358EE9957642} = {06FBA886-D534-42DF-9E00-AA049306C8DD}
		{03C396A1-C32D-4EA8-81B3-0647461447F5} = {F0E0E35B-54AE-4D10-BBC4-859F777B70AB}
		{DCA43604-53F1-49E5-9234-30A245809B1E} = {D95F0EB2-3E53-4D70-A466-5466F5CC98AC}
		{BB199878-7491-4C89-87BC-0E4B19ABEB3D} = {D95F0EB2-3E53-4D70-A466-5466F5CC98AC}
		{5AABD9EE-31D9-4F14-86BC-ED7DF3EE814F} = {6C9E4A56-B96C-48DA-9978-5DCBCCCE8A6F}
		{81CA7466-9BDC-4AF3-A8E6-8FFF702C550D} = {8113ECE7-139F-4B48-976D-934977BBDAB5}
	EndGlobalSection
EndGlobal
